// !$*UTF8*$!
{
	archiveVersion = 1;
	classes = {
	};
	objectVersion = 50;
	objects = {

/* Begin PBXBuildFile section */
		74711EDA245C4D020083E0D1 /* AppDelegate.swift in Sources */ = {isa = PBXBuildFile; fileRef = 74711ED9245C4D020083E0D1 /* AppDelegate.swift */; };
		74711EDC245C4D020083E0D1 /* SceneDelegate.swift in Sources */ = {isa = PBXBuildFile; fileRef = 74711EDB245C4D020083E0D1 /* SceneDelegate.swift */; };
		74711EE1245C4D020083E0D1 /* Main.storyboard in Resources */ = {isa = PBXBuildFile; fileRef = 74711EDF245C4D020083E0D1 /* Main.storyboard */; };
		74711EE3245C4D070083E0D1 /* Assets.xcassets in Resources */ = {isa = PBXBuildFile; fileRef = 74711EE2245C4D070083E0D1 /* Assets.xcassets */; };
		74711EE6245C4D070083E0D1 /* LaunchScreen.storyboard in Resources */ = {isa = PBXBuildFile; fileRef = 74711EE4245C4D070083E0D1 /* LaunchScreen.storyboard */; };
		74711EF2245CB63F0083E0D1 /* MainViewController.swift in Sources */ = {isa = PBXBuildFile; fileRef = 74711EF1245CB63F0083E0D1 /* MainViewController.swift */; };
		74711EF4245E06880083E0D1 /* CustomTableViewCell.swift in Sources */ = {isa = PBXBuildFile; fileRef = 74711EF3245E06880083E0D1 /* CustomTableViewCell.swift */; };
		74711F02245E18B60083E0D1 /* Realm.framework in Frameworks */ = {isa = PBXBuildFile; fileRef = 74711F01245E18B60083E0D1 /* Realm.framework */; };
		74711F03245E18B60083E0D1 /* Realm.framework in Embed Frameworks */ = {isa = PBXBuildFile; fileRef = 74711F01245E18B60083E0D1 /* Realm.framework */; settings = {ATTRIBUTES = (CodeSignOnCopy, RemoveHeadersOnCopy, ); }; };
		74711F06245E18BC0083E0D1 /* RealmSwift.framework in Frameworks */ = {isa = PBXBuildFile; fileRef = 74711F05245E18BC0083E0D1 /* RealmSwift.framework */; };
		74711F07245E18BC0083E0D1 /* RealmSwift.framework in Embed Frameworks */ = {isa = PBXBuildFile; fileRef = 74711F05245E18BC0083E0D1 /* RealmSwift.framework */; settings = {ATTRIBUTES = (CodeSignOnCopy, RemoveHeadersOnCopy, ); }; };
		74711F14245EF1F80083E0D1 /* RecordModel.swift in Sources */ = {isa = PBXBuildFile; fileRef = 74711F13245EF1F80083E0D1 /* RecordModel.swift */; };
		74711F16245F06BA0083E0D1 /* StorageManager.swift in Sources */ = {isa = PBXBuildFile; fileRef = 74711F15245F06BA0083E0D1 /* StorageManager.swift */; };
		74711F18245F479D0083E0D1 /* NewRecordViewController.swift in Sources */ = {isa = PBXBuildFile; fileRef = 74711F17245F479C0083E0D1 /* NewRecordViewController.swift */; };
		74711F1A245F48E40083E0D1 /* CategoryViewController.swift in Sources */ = {isa = PBXBuildFile; fileRef = 74711F19245F48E40083E0D1 /* CategoryViewController.swift */; };
		74711F23245F60420083E0D1 /* RealmController.swift in Sources */ = {isa = PBXBuildFile; fileRef = 74711F22245F60420083E0D1 /* RealmController.swift */; };
		74711F29245F6C320083E0D1 /* Date+Format.swift in Sources */ = {isa = PBXBuildFile; fileRef = 74711F28245F6C320083E0D1 /* Date+Format.swift */; };
		74826F222460914100D01AAE /* default.realm in Resources */ = {isa = PBXBuildFile; fileRef = 74826F212460914000D01AAE /* default.realm */; };
		74826F272460B2C900D01AAE /* Category.storyboard in Resources */ = {isa = PBXBuildFile; fileRef = 74826F262460B2C900D01AAE /* Category.storyboard */; };
		74826F2A2460B3C100D01AAE /* NewRecord.storyboard in Resources */ = {isa = PBXBuildFile; fileRef = 74826F292460B3C100D01AAE /* NewRecord.storyboard */; };
		74826F2F2460B5B000D01AAE /* CategoryViewCell.swift in Sources */ = {isa = PBXBuildFile; fileRef = 74826F2E2460B5B000D01AAE /* CategoryViewCell.swift */; };
/* End PBXBuildFile section */

/* Begin PBXCopyFilesBuildPhase section */
		74711F04245E18B70083E0D1 /* Embed Frameworks */ = {
			isa = PBXCopyFilesBuildPhase;
			buildActionMask = 2147483647;
			dstPath = "";
			dstSubfolderSpec = 10;
			files = (
				74711F07245E18BC0083E0D1 /* RealmSwift.framework in Embed Frameworks */,
				74711F03245E18B60083E0D1 /* Realm.framework in Embed Frameworks */,
			);
			name = "Embed Frameworks";
			runOnlyForDeploymentPostprocessing = 0;
		};
/* End PBXCopyFilesBuildPhase section */

/* Begin PBXFileReference section */
		74711ED6245C4D020083E0D1 /* WhereIsMyMoney.app */ = {isa = PBXFileReference; explicitFileType = wrapper.application; includeInIndex = 0; path = WhereIsMyMoney.app; sourceTree = BUILT_PRODUCTS_DIR; };
		74711ED9245C4D020083E0D1 /* AppDelegate.swift */ = {isa = PBXFileReference; lastKnownFileType = sourcecode.swift; path = AppDelegate.swift; sourceTree = "<group>"; };
		74711EDB245C4D020083E0D1 /* SceneDelegate.swift */ = {isa = PBXFileReference; lastKnownFileType = sourcecode.swift; path = SceneDelegate.swift; sourceTree = "<group>"; };
		74711EE0245C4D020083E0D1 /* Base */ = {isa = PBXFileReference; lastKnownFileType = file.storyboard; name = Base; path = Base.lproj/Main.storyboard; sourceTree = "<group>"; };
		74711EE2245C4D070083E0D1 /* Assets.xcassets */ = {isa = PBXFileReference; lastKnownFileType = folder.assetcatalog; path = Assets.xcassets; sourceTree = "<group>"; };
		74711EE5245C4D070083E0D1 /* Base */ = {isa = PBXFileReference; lastKnownFileType = file.storyboard; name = Base; path = Base.lproj/LaunchScreen.storyboard; sourceTree = "<group>"; };
		74711EE7245C4D070083E0D1 /* Info.plist */ = {isa = PBXFileReference; lastKnownFileType = text.plist.xml; path = Info.plist; sourceTree = "<group>"; };
		74711EF1245CB63F0083E0D1 /* MainViewController.swift */ = {isa = PBXFileReference; lastKnownFileType = sourcecode.swift; path = MainViewController.swift; sourceTree = "<group>"; };
		74711EF3245E06880083E0D1 /* CustomTableViewCell.swift */ = {isa = PBXFileReference; lastKnownFileType = sourcecode.swift; path = CustomTableViewCell.swift; sourceTree = "<group>"; };
		74711F01245E18B60083E0D1 /* Realm.framework */ = {isa = PBXFileReference; lastKnownFileType = wrapper.framework; name = Realm.framework; path = Carthage/Build/iOS/Realm.framework; sourceTree = "<group>"; };
		74711F05245E18BC0083E0D1 /* RealmSwift.framework */ = {isa = PBXFileReference; lastKnownFileType = wrapper.framework; name = RealmSwift.framework; path = Carthage/Build/iOS/RealmSwift.framework; sourceTree = "<group>"; };
		74711F13245EF1F80083E0D1 /* RecordModel.swift */ = {isa = PBXFileReference; lastKnownFileType = sourcecode.swift; path = RecordModel.swift; sourceTree = "<group>"; };
		74711F15245F06BA0083E0D1 /* StorageManager.swift */ = {isa = PBXFileReference; lastKnownFileType = sourcecode.swift; path = StorageManager.swift; sourceTree = "<group>"; };
		74711F17245F479C0083E0D1 /* NewRecordViewController.swift */ = {isa = PBXFileReference; lastKnownFileType = sourcecode.swift; path = NewRecordViewController.swift; sourceTree = "<group>"; };
		74711F19245F48E40083E0D1 /* CategoryViewController.swift */ = {isa = PBXFileReference; lastKnownFileType = sourcecode.swift; path = CategoryViewController.swift; sourceTree = "<group>"; };
		74711F22245F60420083E0D1 /* RealmController.swift */ = {isa = PBXFileReference; lastKnownFileType = sourcecode.swift; path = RealmController.swift; sourceTree = "<group>"; };
		74711F28245F6C320083E0D1 /* Date+Format.swift */ = {isa = PBXFileReference; lastKnownFileType = sourcecode.swift; path = "Date+Format.swift"; sourceTree = "<group>"; };
		74826F212460914000D01AAE /* default.realm */ = {isa = PBXFileReference; lastKnownFileType = file; path = default.realm; sourceTree = "<group>"; };
		74826F262460B2C900D01AAE /* Category.storyboard */ = {isa = PBXFileReference; fileEncoding = 4; lastKnownFileType = file.storyboard; path = Category.storyboard; sourceTree = "<group>"; };
		74826F292460B3C100D01AAE /* NewRecord.storyboard */ = {isa = PBXFileReference; fileEncoding = 4; lastKnownFileType = file.storyboard; path = NewRecord.storyboard; sourceTree = "<group>"; };
		74826F2E2460B5B000D01AAE /* CategoryViewCell.swift */ = {isa = PBXFileReference; fileEncoding = 4; lastKnownFileType = sourcecode.swift; path = CategoryViewCell.swift; sourceTree = "<group>"; };
/* End PBXFileReference section */

/* Begin PBXFrameworksBuildPhase section */
		74711ED3245C4D020083E0D1 /* Frameworks */ = {
			isa = PBXFrameworksBuildPhase;
			buildActionMask = 2147483647;
			files = (
				74711F06245E18BC0083E0D1 /* RealmSwift.framework in Frameworks */,
				74711F02245E18B60083E0D1 /* Realm.framework in Frameworks */,
			);
			runOnlyForDeploymentPostprocessing = 0;
		};
/* End PBXFrameworksBuildPhase section */

/* Begin PBXGroup section */
		74711ECD245C4D020083E0D1 = {
			isa = PBXGroup;
			children = (
				74711ED8245C4D020083E0D1 /* WhereIsMyMoney */,
				74711ED7245C4D020083E0D1 /* Products */,
				74711F00245E18B60083E0D1 /* Frameworks */,
			);
			sourceTree = "<group>";
		};
		74711ED7245C4D020083E0D1 /* Products */ = {
			isa = PBXGroup;
			children = (
				74711ED6245C4D020083E0D1 /* WhereIsMyMoney.app */,
			);
			name = Products;
			sourceTree = "<group>";
		};
		74711ED8245C4D020083E0D1 /* WhereIsMyMoney */ = {
			isa = PBXGroup;
			children = (
				74826F2D2460B4BD00D01AAE /* Modules */,
				74711F1B245F5AA50083E0D1 /* Startup */,
				74711F20245F5CEA0083E0D1 /* IBuilder */,
				74711F1D245F5AFF0083E0D1 /* Helpers */,
				74711F1C245F5AC60083E0D1 /* Models */,
				74711F27245F6BEF0083E0D1 /* Extensions */,
				74711F1E245F5B160083E0D1 /* Resources */,
				74711F1F245F5B6B0083E0D1 /* Supports */,
			);
			path = WhereIsMyMoney;
			sourceTree = "<group>";
		};
		74711F00245E18B60083E0D1 /* Frameworks */ = {
			isa = PBXGroup;
			children = (
				74711F05245E18BC0083E0D1 /* RealmSwift.framework */,
				74711F01245E18B60083E0D1 /* Realm.framework */,
			);
			name = Frameworks;
			sourceTree = "<group>";
		};
		74711F1B245F5AA50083E0D1 /* Startup */ = {
			isa = PBXGroup;
			children = (
				74711ED9245C4D020083E0D1 /* AppDelegate.swift */,
				74711EDB245C4D020083E0D1 /* SceneDelegate.swift */,
			);
			path = Startup;
			sourceTree = "<group>";
		};
		74711F1C245F5AC60083E0D1 /* Models */ = {
			isa = PBXGroup;
			children = (
				74711F13245EF1F80083E0D1 /* RecordModel.swift */,
			);
			path = Models;
			sourceTree = "<group>";
		};
		74711F1D245F5AFF0083E0D1 /* Helpers */ = {
			isa = PBXGroup;
			children = (
				74711F15245F06BA0083E0D1 /* StorageManager.swift */,
			);
			path = Helpers;
			sourceTree = "<group>";
		};
		74711F1E245F5B160083E0D1 /* Resources */ = {
			isa = PBXGroup;
			children = (
				74711EE2245C4D070083E0D1 /* Assets.xcassets */,
				74826F212460914000D01AAE /* default.realm */,
			);
			path = Resources;
			sourceTree = "<group>";
		};
		74711F1F245F5B6B0083E0D1 /* Supports */ = {
			isa = PBXGroup;
			children = (
				74711F22245F60420083E0D1 /* RealmController.swift */,
				74711EE7245C4D070083E0D1 /* Info.plist */,
			);
			path = Supports;
			sourceTree = "<group>";
		};
		74711F20245F5CEA0083E0D1 /* IBuilder */ = {
			isa = PBXGroup;
			children = (
				74711EE4245C4D070083E0D1 /* LaunchScreen.storyboard */,
				74711EDF245C4D020083E0D1 /* Main.storyboard */,
			);
			path = IBuilder;
			sourceTree = "<group>";
		};
		74711F27245F6BEF0083E0D1 /* Extensions */ = {
			isa = PBXGroup;
			children = (
				74711F28245F6C320083E0D1 /* Date+Format.swift */,
			);
			path = Extensions;
			sourceTree = "<group>";
		};
		74826F282460B32200D01AAE /* Category */ = {
			isa = PBXGroup;
			children = (
				74826F262460B2C900D01AAE /* Category.storyboard */,
				74711F19245F48E40083E0D1 /* CategoryViewController.swift */,
				74826F2E2460B5B000D01AAE /* CategoryViewCell.swift */,
			);
			path = Category;
			sourceTree = "<group>";
		};
		74826F2B2460B44000D01AAE /* NewRecord */ = {
			isa = PBXGroup;
			children = (
				74826F292460B3C100D01AAE /* NewRecord.storyboard */,
				74711F17245F479C0083E0D1 /* NewRecordViewController.swift */,
			);
			path = NewRecord;
			sourceTree = "<group>";
		};
		74826F2C2460B48500D01AAE /* Main */ = {
			isa = PBXGroup;
			children = (
				74711EF1245CB63F0083E0D1 /* MainViewController.swift */,
				74711EF3245E06880083E0D1 /* CustomTableViewCell.swift */,
			);
			path = Main;
			sourceTree = "<group>";
		};
		74826F2D2460B4BD00D01AAE /* Modules */ = {
			isa = PBXGroup;
			children = (
				74826F2C2460B48500D01AAE /* Main */,
				74826F2B2460B44000D01AAE /* NewRecord */,
				74826F282460B32200D01AAE /* Category */,
			);
			path = Modules;
			sourceTree = "<group>";
		};
/* End PBXGroup section */

/* Begin PBXNativeTarget section */
		74711ED5245C4D020083E0D1 /* WhereIsMyMoney */ = {
			isa = PBXNativeTarget;
			buildConfigurationList = 74711EEA245C4D070083E0D1 /* Build configuration list for PBXNativeTarget "WhereIsMyMoney" */;
			buildPhases = (
				74711ED2245C4D020083E0D1 /* Sources */,
				74711ED3245C4D020083E0D1 /* Frameworks */,
				74711ED4245C4D020083E0D1 /* Resources */,
				74711F04245E18B70083E0D1 /* Embed Frameworks */,
				74711F08245E18DB0083E0D1 /* ShellScript */,
			);
			buildRules = (
			);
			dependencies = (
			);
			name = WhereIsMyMoney;
			productName = WhereIsMyMoney;
			productReference = 74711ED6245C4D020083E0D1 /* WhereIsMyMoney.app */;
			productType = "com.apple.product-type.application";
		};
/* End PBXNativeTarget section */

/* Begin PBXProject section */
		74711ECE245C4D020083E0D1 /* Project object */ = {
			isa = PBXProject;
			attributes = {
				LastSwiftUpdateCheck = 1140;
				LastUpgradeCheck = 1140;
				ORGANIZATIONNAME = "Mikhail Andreev";
				TargetAttributes = {
					74711ED5245C4D020083E0D1 = {
						CreatedOnToolsVersion = 11.4.1;
					};
				};
			};
			buildConfigurationList = 74711ED1245C4D020083E0D1 /* Build configuration list for PBXProject "WhereIsMyMoney" */;
			compatibilityVersion = "Xcode 9.3";
			developmentRegion = ru;
			hasScannedForEncodings = 0;
			knownRegions = (
				ru,
				en,
				Base,
			);
			mainGroup = 74711ECD245C4D020083E0D1;
			productRefGroup = 74711ED7245C4D020083E0D1 /* Products */;
			projectDirPath = "";
			projectRoot = "";
			targets = (
				74711ED5245C4D020083E0D1 /* WhereIsMyMoney */,
			);
		};
/* End PBXProject section */

/* Begin PBXResourcesBuildPhase section */
		74711ED4245C4D020083E0D1 /* Resources */ = {
			isa = PBXResourcesBuildPhase;
			buildActionMask = 2147483647;
			files = (
				74826F272460B2C900D01AAE /* Category.storyboard in Resources */,
				74826F222460914100D01AAE /* default.realm in Resources */,
				74711EE6245C4D070083E0D1 /* LaunchScreen.storyboard in Resources */,
				74711EE3245C4D070083E0D1 /* Assets.xcassets in Resources */,
				74826F2A2460B3C100D01AAE /* NewRecord.storyboard in Resources */,
				74711EE1245C4D020083E0D1 /* Main.storyboard in Resources */,
			);
			runOnlyForDeploymentPostprocessing = 0;
		};
/* End PBXResourcesBuildPhase section */

/* Begin PBXShellScriptBuildPhase section */
		74711F08245E18DB0083E0D1 /* ShellScript */ = {
			isa = PBXShellScriptBuildPhase;
			buildActionMask = 2147483647;
			files = (
			);
			inputFileListPaths = (
			);
			inputPaths = (
				"$(SRCROOT)/Carthage/Build/iOS/Realm.framework",
				"$(SRCROOT)/Carthage/Build/iOS/RealmSwift.framework",
			);
			outputFileListPaths = (
			);
			outputPaths = (
			);
			runOnlyForDeploymentPostprocessing = 0;
			shellPath = /bin/sh;
			shellScript = "/usr/local/bin/carthage copy-frameworks\n";
		};
/* End PBXShellScriptBuildPhase section */

/* Begin PBXSourcesBuildPhase section */
		74711ED2245C4D020083E0D1 /* Sources */ = {
			isa = PBXSourcesBuildPhase;
			buildActionMask = 2147483647;
			files = (
				74826F2F2460B5B000D01AAE /* CategoryViewCell.swift in Sources */,
				74711EDA245C4D020083E0D1 /* AppDelegate.swift in Sources */,
				74711EDC245C4D020083E0D1 /* SceneDelegate.swift in Sources */,
				74711EF4245E06880083E0D1 /* CustomTableViewCell.swift in Sources */,
				74711F16245F06BA0083E0D1 /* StorageManager.swift in Sources */,
				74711F1A245F48E40083E0D1 /* CategoryViewController.swift in Sources */,
				74711F14245EF1F80083E0D1 /* RecordModel.swift in Sources */,
				74711F29245F6C320083E0D1 /* Date+Format.swift in Sources */,
				74711F23245F60420083E0D1 /* RealmController.swift in Sources */,
				74711EF2245CB63F0083E0D1 /* MainViewController.swift in Sources */,
				74711F18245F479D0083E0D1 /* NewRecordViewController.swift in Sources */,
			);
			runOnlyForDeploymentPostprocessing = 0;
		};
/* End PBXSourcesBuildPhase section */

/* Begin PBXVariantGroup section */
		74711EDF245C4D020083E0D1 /* Main.storyboard */ = {
			isa = PBXVariantGroup;
			children = (
				74711EE0245C4D020083E0D1 /* Base */,
			);
			name = Main.storyboard;
			sourceTree = "<group>";
		};
		74711EE4245C4D070083E0D1 /* LaunchScreen.storyboard */ = {
			isa = PBXVariantGroup;
			children = (
				74711EE5245C4D070083E0D1 /* Base */,
			);
			name = LaunchScreen.storyboard;
			sourceTree = "<group>";
		};
/* End PBXVariantGroup section */

/* Begin XCBuildConfiguration section */
		74711EE8245C4D070083E0D1 /* Debug */ = {
			isa = XCBuildConfiguration;
			buildSettings = {
				ALWAYS_SEARCH_USER_PATHS = NO;
				CLANG_ANALYZER_NONNULL = YES;
				CLANG_ANALYZER_NUMBER_OBJECT_CONVERSION = YES_AGGRESSIVE;
				CLANG_CXX_LANGUAGE_STANDARD = "gnu++14";
				CLANG_CXX_LIBRARY = "libc++";
				CLANG_ENABLE_MODULES = YES;
				CLANG_ENABLE_OBJC_ARC = YES;
				CLANG_ENABLE_OBJC_WEAK = YES;
				CLANG_WARN_BLOCK_CAPTURE_AUTORELEASING = YES;
				CLANG_WARN_BOOL_CONVERSION = YES;
				CLANG_WARN_COMMA = YES;
				CLANG_WARN_CONSTANT_CONVERSION = YES;
				CLANG_WARN_DEPRECATED_OBJC_IMPLEMENTATIONS = YES;
				CLANG_WARN_DIRECT_OBJC_ISA_USAGE = YES_ERROR;
				CLANG_WARN_DOCUMENTATION_COMMENTS = YES;
				CLANG_WARN_EMPTY_BODY = YES;
				CLANG_WARN_ENUM_CONVERSION = YES;
				CLANG_WARN_INFINITE_RECURSION = YES;
				CLANG_WARN_INT_CONVERSION = YES;
				CLANG_WARN_NON_LITERAL_NULL_CONVERSION = YES;
				CLANG_WARN_OBJC_IMPLICIT_RETAIN_SELF = YES;
				CLANG_WARN_OBJC_LITERAL_CONVERSION = YES;
				CLANG_WARN_OBJC_ROOT_CLASS = YES_ERROR;
				CLANG_WARN_RANGE_LOOP_ANALYSIS = YES;
				CLANG_WARN_STRICT_PROTOTYPES = YES;
				CLANG_WARN_SUSPICIOUS_MOVE = YES;
				CLANG_WARN_UNGUARDED_AVAILABILITY = YES_AGGRESSIVE;
				CLANG_WARN_UNREACHABLE_CODE = YES;
				CLANG_WARN__DUPLICATE_METHOD_MATCH = YES;
				COPY_PHASE_STRIP = NO;
				DEBUG_INFORMATION_FORMAT = dwarf;
				ENABLE_STRICT_OBJC_MSGSEND = YES;
				ENABLE_TESTABILITY = YES;
				GCC_C_LANGUAGE_STANDARD = gnu11;
				GCC_DYNAMIC_NO_PIC = NO;
				GCC_NO_COMMON_BLOCKS = YES;
				GCC_OPTIMIZATION_LEVEL = 0;
				GCC_PREPROCESSOR_DEFINITIONS = (
					"DEBUG=1",
					"$(inherited)",
				);
				GCC_WARN_64_TO_32_BIT_CONVERSION = YES;
				GCC_WARN_ABOUT_RETURN_TYPE = YES_ERROR;
				GCC_WARN_UNDECLARED_SELECTOR = YES;
				GCC_WARN_UNINITIALIZED_AUTOS = YES_AGGRESSIVE;
				GCC_WARN_UNUSED_FUNCTION = YES;
				GCC_WARN_UNUSED_VARIABLE = YES;
				IPHONEOS_DEPLOYMENT_TARGET = 13.4;
				MTL_ENABLE_DEBUG_INFO = INCLUDE_SOURCE;
				MTL_FAST_MATH = YES;
				ONLY_ACTIVE_ARCH = YES;
				SDKROOT = iphoneos;
				SWIFT_ACTIVE_COMPILATION_CONDITIONS = DEBUG;
				SWIFT_OPTIMIZATION_LEVEL = "-Onone";
			};
			name = Debug;
		};
		74711EE9245C4D070083E0D1 /* Release */ = {
			isa = XCBuildConfiguration;
			buildSettings = {
				ALWAYS_SEARCH_USER_PATHS = NO;
				CLANG_ANALYZER_NONNULL = YES;
				CLANG_ANALYZER_NUMBER_OBJECT_CONVERSION = YES_AGGRESSIVE;
				CLANG_CXX_LANGUAGE_STANDARD = "gnu++14";
				CLANG_CXX_LIBRARY = "libc++";
				CLANG_ENABLE_MODULES = YES;
				CLANG_ENABLE_OBJC_ARC = YES;
				CLANG_ENABLE_OBJC_WEAK = YES;
				CLANG_WARN_BLOCK_CAPTURE_AUTORELEASING = YES;
				CLANG_WARN_BOOL_CONVERSION = YES;
				CLANG_WARN_COMMA = YES;
				CLANG_WARN_CONSTANT_CONVERSION = YES;
				CLANG_WARN_DEPRECATED_OBJC_IMPLEMENTATIONS = YES;
				CLANG_WARN_DIRECT_OBJC_ISA_USAGE = YES_ERROR;
				CLANG_WARN_DOCUMENTATION_COMMENTS = YES;
				CLANG_WARN_EMPTY_BODY = YES;
				CLANG_WARN_ENUM_CONVERSION = YES;
				CLANG_WARN_INFINITE_RECURSION = YES;
				CLANG_WARN_INT_CONVERSION = YES;
				CLANG_WARN_NON_LITERAL_NULL_CONVERSION = YES;
				CLANG_WARN_OBJC_IMPLICIT_RETAIN_SELF = YES;
				CLANG_WARN_OBJC_LITERAL_CONVERSION = YES;
				CLANG_WARN_OBJC_ROOT_CLASS = YES_ERROR;
				CLANG_WARN_RANGE_LOOP_ANALYSIS = YES;
				CLANG_WARN_STRICT_PROTOTYPES = YES;
				CLANG_WARN_SUSPICIOUS_MOVE = YES;
				CLANG_WARN_UNGUARDED_AVAILABILITY = YES_AGGRESSIVE;
				CLANG_WARN_UNREACHABLE_CODE = YES;
				CLANG_WARN__DUPLICATE_METHOD_MATCH = YES;
				COPY_PHASE_STRIP = NO;
				DEBUG_INFORMATION_FORMAT = "dwarf-with-dsym";
				ENABLE_NS_ASSERTIONS = NO;
				ENABLE_STRICT_OBJC_MSGSEND = YES;
				GCC_C_LANGUAGE_STANDARD = gnu11;
				GCC_NO_COMMON_BLOCKS = YES;
				GCC_WARN_64_TO_32_BIT_CONVERSION = YES;
				GCC_WARN_ABOUT_RETURN_TYPE = YES_ERROR;
				GCC_WARN_UNDECLARED_SELECTOR = YES;
				GCC_WARN_UNINITIALIZED_AUTOS = YES_AGGRESSIVE;
				GCC_WARN_UNUSED_FUNCTION = YES;
				GCC_WARN_UNUSED_VARIABLE = YES;
				IPHONEOS_DEPLOYMENT_TARGET = 13.4;
				MTL_ENABLE_DEBUG_INFO = NO;
				MTL_FAST_MATH = YES;
				SDKROOT = iphoneos;
				SWIFT_COMPILATION_MODE = wholemodule;
				SWIFT_OPTIMIZATION_LEVEL = "-O";
				VALIDATE_PRODUCT = YES;
			};
			name = Release;
		};
		74711EEB245C4D070083E0D1 /* Debug */ = {
			isa = XCBuildConfiguration;
			buildSettings = {
				ASSETCATALOG_COMPILER_APPICON_NAME = AppIcon;
				CODE_SIGN_STYLE = Automatic;
				FRAMEWORK_SEARCH_PATHS = (
					"$(inherited)",
					"$(PROJECT_DIR)/Carthage/Build/iOS",
				);
				INFOPLIST_FILE = WhereIsMyMoney/Supports/Info.plist;
				LD_RUNPATH_SEARCH_PATHS = (
					"$(inherited)",
					"@executable_path/Frameworks",
				);
				PRODUCT_BUNDLE_IDENTIFIER = com.andreev.WhereIsMyMoney;
				PRODUCT_NAME = "$(TARGET_NAME)";
				SWIFT_VERSION = 5.0;
				TARGETED_DEVICE_FAMILY = "1,2";
			};
			name = Debug;
		};
		74711EEC245C4D070083E0D1 /* Release */ = {
			isa = XCBuildConfiguration;
			buildSettings = {
				ASSETCATALOG_COMPILER_APPICON_NAME = AppIcon;
				CODE_SIGN_STYLE = Automatic;
				FRAMEWORK_SEARCH_PATHS = (
					"$(inherited)",
					"$(PROJECT_DIR)/Carthage/Build/iOS",
				);
				INFOPLIST_FILE = WhereIsMyMoney/Supports/Info.plist;
				LD_RUNPATH_SEARCH_PATHS = (
					"$(inherited)",
					"@executable_path/Frameworks",
				);
				PRODUCT_BUNDLE_IDENTIFIER = com.andreev.WhereIsMyMoney;
				PRODUCT_NAME = "$(TARGET_NAME)";
				SWIFT_VERSION = 5.0;
				TARGETED_DEVICE_FAMILY = "1,2";
			};
			name = Release;
		};
/* End XCBuildConfiguration section */

/* Begin XCConfigurationList section */
		74711ED1245C4D020083E0D1 /* Build configuration list for PBXProject "WhereIsMyMoney" */ = {
			isa = XCConfigurationList;
			buildConfigurations = (
				74711EE8245C4D070083E0D1 /* Debug */,
				74711EE9245C4D070083E0D1 /* Release */,
			);
			defaultConfigurationIsVisible = 0;
			defaultConfigurationName = Release;
		};
		74711EEA245C4D070083E0D1 /* Build configuration list for PBXNativeTarget "WhereIsMyMoney" */ = {
			isa = XCConfigurationList;
			buildConfigurations = (
				74711EEB245C4D070083E0D1 /* Debug */,
				74711EEC245C4D070083E0D1 /* Release */,
			);
			defaultConfigurationIsVisible = 0;
			defaultConfigurationName = Release;
		};
/* End XCConfigurationList section */
	};
	rootObject = 74711ECE245C4D020083E0D1 /* Project object */;
}
